
Microsoft Visual Studio Solution File, Format Version 12.00
# Visual Studio 15
VisualStudioVersion = 15.0.28307.271
MinimumVisualStudioVersion = 10.0.40219.1
Project("{FAE04EC0-301F-11D3-BF4B-00C04F79EFBC}") = "Threading_pool", "Threading_pool\Threading_pool.csproj", "{87FEBFE6-2B11-41C7-AA1F-9B3F18375D68}"
EndProject
Global
	GlobalSection(SolutionConfigurationPlatforms) = preSolution
		Debug|Any CPU = Debug|Any CPU
		Release|Any CPU = Release|Any CPU
	EndGlobalSection
	GlobalSection(ProjectConfigurationPlatforms) = postSolution
		{87FEBFE6-2B11-41C7-AA1F-9B3F18375D68}.Debug|Any CPU.ActiveCfg = Debug|Any CPU
		{87FEBFE6-2B11-41C7-AA1F-9B3F18375D68}.Debug|Any CPU.Build.0 = Debug|Any CPU
		{87FEBFE6-2B11-41C7-AA1F-9B3F18375D68}.Release|Any CPU.ActiveCfg = Release|Any CPU
		{87FEBFE6-2B11-41C7-AA1F-9B3F18375D68}.Release|Any CPU.Build.0 = Release|Any CPU
	EndGlobalSection
	GlobalSection(SolutionProperties) = preSolution
		HideSolutionNode = FALSE
	EndGlobalSection
	GlobalSection(ExtensibilityGlobals) = postSolution
		SolutionGuid = {53198986-EA08-4AC8-BE25-11F96F6F26AF}
	EndGlobalSection
EndGlobal
