
Microsoft Visual Studio Solution File, Format Version 12.00
# Visual Studio 15
VisualStudioVersion = 15.0.28307.271
MinimumVisualStudioVersion = 10.0.40219.1
Project("{FAE04EC0-301F-11D3-BF4B-00C04F79EFBC}") = "Threading_lock", "Threading_lock\Threading_lock.csproj", "{58BC2209-5A17-483B-9895-C26F0A93ECFA}"
EndProject
Global
	GlobalSection(SolutionConfigurationPlatforms) = preSolution
		Debug|Any CPU = Debug|Any CPU
		Release|Any CPU = Release|Any CPU
	EndGlobalSection
	GlobalSection(ProjectConfigurationPlatforms) = postSolution
		{58BC2209-5A17-483B-9895-C26F0A93ECFA}.Debug|Any CPU.ActiveCfg = Debug|Any CPU
		{58BC2209-5A17-483B-9895-C26F0A93ECFA}.Debug|Any CPU.Build.0 = Debug|Any CPU
		{58BC2209-5A17-483B-9895-C26F0A93ECFA}.Release|Any CPU.ActiveCfg = Release|Any CPU
		{58BC2209-5A17-483B-9895-C26F0A93ECFA}.Release|Any CPU.Build.0 = Release|Any CPU
	EndGlobalSection
	GlobalSection(SolutionProperties) = preSolution
		HideSolutionNode = FALSE
	EndGlobalSection
	GlobalSection(ExtensibilityGlobals) = postSolution
		SolutionGuid = {1676CB28-EC91-48B2-B94F-2065AFE91E0D}
	EndGlobalSection
EndGlobal
